
Microsoft Visual Studio Solution File, Format Version 12.00
# Visual Studio Version 18
VisualStudioVersion = 18.3.11222.16
MinimumVisualStudioVersion = 10.0.40219.1
Project("{FAE04EC0-301F-11D3-BF4B-00C04F79EFBC}") = "Singleton", "Src\Singleton\Singleton.csproj", "{4F7590FA-5597-45CF-BCD9-A66F7748FA26}"
EndProject
Project("{2150E333-8FDC-42A3-9474-1A3956D46DE8}") = "Creation", "Creation", "{02EA681E-C7D8-13C7-8484-4AC65E1B71E8}"
EndProject
Project("{2150E333-8FDC-42A3-9474-1A3956D46DE8}") = "Src", "Src", "{D9938E5A-E1F3-4792-B5F4-12ABC421533B}"
EndProject
Project("{2150E333-8FDC-42A3-9474-1A3956D46DE8}") = "Tests", "Tests", "{F045A02B-7248-432B-9088-E0A699FEAAE3}"
EndProject
Project("{2150E333-8FDC-42A3-9474-1A3956D46DE8}") = "Creation", "Creation", "{6E28640D-D62A-41AD-BDE3-6FFF4CB3D048}"
EndProject
Project("{2150E333-8FDC-42A3-9474-1A3956D46DE8}") = "Extra", "Extra", "{2C4857B6-7CC1-4FF4-83CC-7219CB65A03A}"
	ProjectSection(SolutionItems) = preProject
		Readme.md = Readme.md
	EndProjectSection
EndProject
Project("{FAE04EC0-301F-11D3-BF4B-00C04F79EFBC}") = "Factory", "Src\Factory\Factory.csproj", "{3AA9C733-78FE-4FC0-A196-73380F18FF83}"
EndProject
Project("{FAE04EC0-301F-11D3-BF4B-00C04F79EFBC}") = "Prototype", "Src\Prototype\Prototype.csproj", "{D6FF0308-0CD7-4762-AED3-EB62633E740E}"
EndProject
Project("{FAE04EC0-301F-11D3-BF4B-00C04F79EFBC}") = "Builder", "Src\Builder\Builder.csproj", "{4E60660D-C103-4D34-B1DA-3A2C15753DD9}"
EndProject
Project("{FAE04EC0-301F-11D3-BF4B-00C04F79EFBC}") = "Builder.Tests", "Tests\Builder.Tests\Builder.Tests.csproj", "{2E7C10CB-B559-4D21-B78B-D484208EECD9}"
EndProject
Project("{FAE04EC0-301F-11D3-BF4B-00C04F79EFBC}") = "Prototype.Tests", "Tests\Prototype.Tests\Prototype.Tests.csproj", "{E89E52BB-8A63-BA30-3E76-2DED660440FA}"
EndProject
Project("{FAE04EC0-301F-11D3-BF4B-00C04F79EFBC}") = "Singleton.Tests", "Tests\Singleton.Tests\Singleton.Tests.csproj", "{B35DB1B2-52AC-FFAB-BF93-DF3ACD37289C}"
EndProject
Project("{FAE04EC0-301F-11D3-BF4B-00C04F79EFBC}") = "Factory.Tests", "Tests\Factory.Tests\Factory.Tests.csproj", "{121988B1-BB60-73A4-FAC3-F29737181838}"
EndProject
Global
	GlobalSection(SolutionConfigurationPlatforms) = preSolution
		Debug|Any CPU = Debug|Any CPU
		Release|Any CPU = Release|Any CPU
	EndGlobalSection
	GlobalSection(ProjectConfigurationPlatforms) = postSolution
		{4F7590FA-5597-45CF-BCD9-A66F7748FA26}.Debug|Any CPU.ActiveCfg = Debug|Any CPU
		{4F7590FA-5597-45CF-BCD9-A66F7748FA26}.Debug|Any CPU.Build.0 = Debug|Any CPU
		{4F7590FA-5597-45CF-BCD9-A66F7748FA26}.Release|Any CPU.ActiveCfg = Release|Any CPU
		{4F7590FA-5597-45CF-BCD9-A66F7748FA26}.Release|Any CPU.Build.0 = Release|Any CPU
		{3AA9C733-78FE-4FC0-A196-73380F18FF83}.Debug|Any CPU.ActiveCfg = Debug|Any CPU
		{3AA9C733-78FE-4FC0-A196-73380F18FF83}.Debug|Any CPU.Build.0 = Debug|Any CPU
		{3AA9C733-78FE-4FC0-A196-73380F18FF83}.Release|Any CPU.ActiveCfg = Release|Any CPU
		{3AA9C733-78FE-4FC0-A196-73380F18FF83}.Release|Any CPU.Build.0 = Release|Any CPU
		{D6FF0308-0CD7-4762-AED3-EB62633E740E}.Debug|Any CPU.ActiveCfg = Debug|Any CPU
		{D6FF0308-0CD7-4762-AED3-EB62633E740E}.Debug|Any CPU.Build.0 = Debug|Any CPU
		{D6FF0308-0CD7-4762-AED3-EB62633E740E}.Release|Any CPU.ActiveCfg = Release|Any CPU
		{D6FF0308-0CD7-4762-AED3-EB62633E740E}.Release|Any CPU.Build.0 = Release|Any CPU
		{4E60660D-C103-4D34-B1DA-3A2C15753DD9}.Debug|Any CPU.ActiveCfg = Debug|Any CPU
		{4E60660D-C103-4D34-B1DA-3A2C15753DD9}.Debug|Any CPU.Build.0 = Debug|Any CPU
		{4E60660D-C103-4D34-B1DA-3A2C15753DD9}.Release|Any CPU.ActiveCfg = Release|Any CPU
		{4E60660D-C103-4D34-B1DA-3A2C15753DD9}.Release|Any CPU.Build.0 = Release|Any CPU
		{2E7C10CB-B559-4D21-B78B-D484208EECD9}.Debug|Any CPU.ActiveCfg = Debug|Any CPU
		{2E7C10CB-B559-4D21-B78B-D484208EECD9}.Debug|Any CPU.Build.0 = Debug|Any CPU
		{2E7C10CB-B559-4D21-B78B-D484208EECD9}.Release|Any CPU.ActiveCfg = Release|Any CPU
		{2E7C10CB-B559-4D21-B78B-D484208EECD9}.Release|Any CPU.Build.0 = Release|Any CPU
		{E89E52BB-8A63-BA30-3E76-2DED660440FA}.Debug|Any CPU.ActiveCfg = Debug|Any CPU
		{E89E52BB-8A63-BA30-3E76-2DED660440FA}.Debug|Any CPU.Build.0 = Debug|Any CPU
		{E89E52BB-8A63-BA30-3E76-2DED660440FA}.Release|Any CPU.ActiveCfg = Release|Any CPU
		{E89E52BB-8A63-BA30-3E76-2DED660440FA}.Release|Any CPU.Build.0 = Release|Any CPU
		{B35DB1B2-52AC-FFAB-BF93-DF3ACD37289C}.Debug|Any CPU.ActiveCfg = Debug|Any CPU
		{B35DB1B2-52AC-FFAB-BF93-DF3ACD37289C}.Debug|Any CPU.Build.0 = Debug|Any CPU
		{B35DB1B2-52AC-FFAB-BF93-DF3ACD37289C}.Release|Any CPU.ActiveCfg = Release|Any CPU
		{B35DB1B2-52AC-FFAB-BF93-DF3ACD37289C}.Release|Any CPU.Build.0 = Release|Any CPU
		{121988B1-BB60-73A4-FAC3-F29737181838}.Debug|Any CPU.ActiveCfg = Debug|Any CPU
		{121988B1-BB60-73A4-FAC3-F29737181838}.Debug|Any CPU.Build.0 = Debug|Any CPU
		{121988B1-BB60-73A4-FAC3-F29737181838}.Release|Any CPU.ActiveCfg = Release|Any CPU
		{121988B1-BB60-73A4-FAC3-F29737181838}.Release|Any CPU.Build.0 = Release|Any CPU
	EndGlobalSection
	GlobalSection(SolutionProperties) = preSolution
		HideSolutionNode = FALSE
	EndGlobalSection
	GlobalSection(NestedProjects) = preSolution
		{4F7590FA-5597-45CF-BCD9-A66F7748FA26} = {02EA681E-C7D8-13C7-8484-4AC65E1B71E8}
		{02EA681E-C7D8-13C7-8484-4AC65E1B71E8} = {D9938E5A-E1F3-4792-B5F4-12ABC421533B}
		{6E28640D-D62A-41AD-BDE3-6FFF4CB3D048} = {F045A02B-7248-432B-9088-E0A699FEAAE3}
		{3AA9C733-78FE-4FC0-A196-73380F18FF83} = {02EA681E-C7D8-13C7-8484-4AC65E1B71E8}
		{D6FF0308-0CD7-4762-AED3-EB62633E740E} = {02EA681E-C7D8-13C7-8484-4AC65E1B71E8}
		{4E60660D-C103-4D34-B1DA-3A2C15753DD9} = {02EA681E-C7D8-13C7-8484-4AC65E1B71E8}
		{2E7C10CB-B559-4D21-B78B-D484208EECD9} = {6E28640D-D62A-41AD-BDE3-6FFF4CB3D048}
		{E89E52BB-8A63-BA30-3E76-2DED660440FA} = {6E28640D-D62A-41AD-BDE3-6FFF4CB3D048}
		{B35DB1B2-52AC-FFAB-BF93-DF3ACD37289C} = {6E28640D-D62A-41AD-BDE3-6FFF4CB3D048}
		{121988B1-BB60-73A4-FAC3-F29737181838} = {6E28640D-D62A-41AD-BDE3-6FFF4CB3D048}
	EndGlobalSection
	GlobalSection(ExtensibilityGlobals) = postSolution
		SolutionGuid = {3A33BD33-3389-4638-817B-3797BFAAF5EC}
	EndGlobalSection
EndGlobal
