
Microsoft Visual Studio Solution File, Format Version 12.00
# Visual Studio Version 17
VisualStudioVersion = 17.14.36705.20
MinimumVisualStudioVersion = 10.0.40219.1
Project("{FAE04EC0-301F-11D3-BF4B-00C04F79EFBC}") = "Singleton", "Src\Singleton\Singleton.csproj", "{4F7590FA-5597-45CF-BCD9-A66F7748FA26}"
EndProject
Project("{2150E333-8FDC-42A3-9474-1A3956D46DE8}") = "Creation", "Creation", "{02EA681E-C7D8-13C7-8484-4AC65E1B71E8}"
EndProject
Project("{2150E333-8FDC-42A3-9474-1A3956D46DE8}") = "Src", "Src", "{D9938E5A-E1F3-4792-B5F4-12ABC421533B}"
EndProject
Project("{2150E333-8FDC-42A3-9474-1A3956D46DE8}") = "Tests", "Tests", "{F045A02B-7248-432B-9088-E0A699FEAAE3}"
EndProject
Project("{2150E333-8FDC-42A3-9474-1A3956D46DE8}") = "Creation", "Creation", "{6E28640D-D62A-41AD-BDE3-6FFF4CB3D048}"
EndProject
Project("{FAE04EC0-301F-11D3-BF4B-00C04F79EFBC}") = "Singleton.Tests", "Tests\SIngleton.Tests\Singleton.Tests.csproj", "{F74FEA4A-32A4-4ABA-BE04-4B55AE401C70}"
EndProject
Project("{2150E333-8FDC-42A3-9474-1A3956D46DE8}") = "Extra", "Extra", "{2C4857B6-7CC1-4FF4-83CC-7219CB65A03A}"
	ProjectSection(SolutionItems) = preProject
		Readme.md = Readme.md
	EndProjectSection
EndProject
Project("{FAE04EC0-301F-11D3-BF4B-00C04F79EFBC}") = "Factory", "Src\Factory\Factory.csproj", "{3AA9C733-78FE-4FC0-A196-73380F18FF83}"
EndProject
Project("{FAE04EC0-301F-11D3-BF4B-00C04F79EFBC}") = "Factory.Test", "Tests\Factory.Test\Factory.Test.csproj", "{7DD324B7-143C-4FE2-96A3-FA1324EB32BD}"
EndProject
Global
	GlobalSection(SolutionConfigurationPlatforms) = preSolution
		Debug|Any CPU = Debug|Any CPU
		Release|Any CPU = Release|Any CPU
	EndGlobalSection
	GlobalSection(ProjectConfigurationPlatforms) = postSolution
		{4F7590FA-5597-45CF-BCD9-A66F7748FA26}.Debug|Any CPU.ActiveCfg = Debug|Any CPU
		{4F7590FA-5597-45CF-BCD9-A66F7748FA26}.Debug|Any CPU.Build.0 = Debug|Any CPU
		{4F7590FA-5597-45CF-BCD9-A66F7748FA26}.Release|Any CPU.ActiveCfg = Release|Any CPU
		{4F7590FA-5597-45CF-BCD9-A66F7748FA26}.Release|Any CPU.Build.0 = Release|Any CPU
		{F74FEA4A-32A4-4ABA-BE04-4B55AE401C70}.Debug|Any CPU.ActiveCfg = Debug|Any CPU
		{F74FEA4A-32A4-4ABA-BE04-4B55AE401C70}.Debug|Any CPU.Build.0 = Debug|Any CPU
		{F74FEA4A-32A4-4ABA-BE04-4B55AE401C70}.Release|Any CPU.ActiveCfg = Release|Any CPU
		{F74FEA4A-32A4-4ABA-BE04-4B55AE401C70}.Release|Any CPU.Build.0 = Release|Any CPU
		{3AA9C733-78FE-4FC0-A196-73380F18FF83}.Debug|Any CPU.ActiveCfg = Debug|Any CPU
		{3AA9C733-78FE-4FC0-A196-73380F18FF83}.Debug|Any CPU.Build.0 = Debug|Any CPU
		{3AA9C733-78FE-4FC0-A196-73380F18FF83}.Release|Any CPU.ActiveCfg = Release|Any CPU
		{3AA9C733-78FE-4FC0-A196-73380F18FF83}.Release|Any CPU.Build.0 = Release|Any CPU
		{7DD324B7-143C-4FE2-96A3-FA1324EB32BD}.Debug|Any CPU.ActiveCfg = Debug|Any CPU
		{7DD324B7-143C-4FE2-96A3-FA1324EB32BD}.Debug|Any CPU.Build.0 = Debug|Any CPU
		{7DD324B7-143C-4FE2-96A3-FA1324EB32BD}.Release|Any CPU.ActiveCfg = Release|Any CPU
		{7DD324B7-143C-4FE2-96A3-FA1324EB32BD}.Release|Any CPU.Build.0 = Release|Any CPU
	EndGlobalSection
	GlobalSection(SolutionProperties) = preSolution
		HideSolutionNode = FALSE
	EndGlobalSection
	GlobalSection(NestedProjects) = preSolution
		{4F7590FA-5597-45CF-BCD9-A66F7748FA26} = {02EA681E-C7D8-13C7-8484-4AC65E1B71E8}
		{02EA681E-C7D8-13C7-8484-4AC65E1B71E8} = {D9938E5A-E1F3-4792-B5F4-12ABC421533B}
		{6E28640D-D62A-41AD-BDE3-6FFF4CB3D048} = {F045A02B-7248-432B-9088-E0A699FEAAE3}
		{F74FEA4A-32A4-4ABA-BE04-4B55AE401C70} = {6E28640D-D62A-41AD-BDE3-6FFF4CB3D048}
		{3AA9C733-78FE-4FC0-A196-73380F18FF83} = {02EA681E-C7D8-13C7-8484-4AC65E1B71E8}
		{7DD324B7-143C-4FE2-96A3-FA1324EB32BD} = {6E28640D-D62A-41AD-BDE3-6FFF4CB3D048}
	EndGlobalSection
	GlobalSection(ExtensibilityGlobals) = postSolution
		SolutionGuid = {3A33BD33-3389-4638-817B-3797BFAAF5EC}
	EndGlobalSection
EndGlobal
